// !$*UTF8*$!
{
	archiveVersion = 1;
	classes = {
	};
	objectVersion = 50;
	objects = {

/* Begin PBXBuildFile section */
		FA2009F5233CDA3D00A7CE16 /* Game.swift in Sources */ = {isa = PBXBuildFile; fileRef = FA2009F4233CDA3D00A7CE16 /* Game.swift */; };
		FA2009F7233CE3E000A7CE16 /* InputManager.swift in Sources */ = {isa = PBXBuildFile; fileRef = FA2009F6233CE3E000A7CE16 /* InputManager.swift */; };
		FA28AF582347223600BDD1F6 /* Enumeration.swift in Sources */ = {isa = PBXBuildFile; fileRef = FA28AF572347223600BDD1F6 /* Enumeration.swift */; };
		FA5B92252338D44A00159AFF /* gun.swift in Sources */ = {isa = PBXBuildFile; fileRef = FA5B92242338D44A00159AFF /* gun.swift */; };
		FA8099BE234F06A300D27F19 /* Text.swift in Sources */ = {isa = PBXBuildFile; fileRef = FA8099BD234F06A300D27F19 /* Text.swift */; };
		FAD1C2912338C39D00456B59 /* main.swift in Sources */ = {isa = PBXBuildFile; fileRef = FAD1C2902338C39D00456B59 /* main.swift */; };
		FAD1C2982338C41600456B59 /* Character.swift in Sources */ = {isa = PBXBuildFile; fileRef = FAD1C2972338C41600456B59 /* Character.swift */; };
		FAD1C29A2338C46600456B59 /* Weapon.swift in Sources */ = {isa = PBXBuildFile; fileRef = FAD1C2992338C46600456B59 /* Weapon.swift */; };
		FAD1C29C2338C8D300456B59 /* Sword.swift in Sources */ = {isa = PBXBuildFile; fileRef = FAD1C29B2338C8D300456B59 /* Sword.swift */; };
		FAD1C29E2338CC5600456B59 /* Player.swift in Sources */ = {isa = PBXBuildFile; fileRef = FAD1C29D2338CC5600456B59 /* Player.swift */; };
/* End PBXBuildFile section */

/* Begin PBXCopyFilesBuildPhase section */
		FAD1C28B2338C39C00456B59 /* CopyFiles */ = {
			isa = PBXCopyFilesBuildPhase;
			buildActionMask = 2147483647;
			dstPath = /usr/share/man/man1/;
			dstSubfolderSpec = 0;
			files = (
			);
			runOnlyForDeploymentPostprocessing = 1;
		};
/* End PBXCopyFilesBuildPhase section */

/* Begin PBXFileReference section */
		FA2009F4233CDA3D00A7CE16 /* Game.swift */ = {isa = PBXFileReference; lastKnownFileType = sourcecode.swift; path = Game.swift; sourceTree = "<group>"; };
		FA2009F6233CE3E000A7CE16 /* InputManager.swift */ = {isa = PBXFileReference; lastKnownFileType = sourcecode.swift; path = InputManager.swift; sourceTree = "<group>"; };
		FA28AF572347223600BDD1F6 /* Enumeration.swift */ = {isa = PBXFileReference; lastKnownFileType = sourcecode.swift; path = Enumeration.swift; sourceTree = "<group>"; };
		FA5B92242338D44A00159AFF /* gun.swift */ = {isa = PBXFileReference; lastKnownFileType = sourcecode.swift; path = gun.swift; sourceTree = "<group>"; };
		FA8099BD234F06A300D27F19 /* Text.swift */ = {isa = PBXFileReference; lastKnownFileType = sourcecode.swift; path = Text.swift; sourceTree = "<group>"; };
		FAD1C28D2338C39D00456B59 /* projet_3 */ = {isa = PBXFileReference; explicitFileType = "compiled.mach-o.executable"; includeInIndex = 0; path = projet_3; sourceTree = BUILT_PRODUCTS_DIR; };
		FAD1C2902338C39D00456B59 /* main.swift */ = {isa = PBXFileReference; lastKnownFileType = sourcecode.swift; path = main.swift; sourceTree = "<group>"; };
		FAD1C2972338C41600456B59 /* Character.swift */ = {isa = PBXFileReference; lastKnownFileType = sourcecode.swift; path = Character.swift; sourceTree = "<group>"; };
		FAD1C2992338C46600456B59 /* Weapon.swift */ = {isa = PBXFileReference; lastKnownFileType = sourcecode.swift; path = Weapon.swift; sourceTree = "<group>"; };
		FAD1C29B2338C8D300456B59 /* Sword.swift */ = {isa = PBXFileReference; lastKnownFileType = sourcecode.swift; path = Sword.swift; sourceTree = "<group>"; };
		FAD1C29D2338CC5600456B59 /* Player.swift */ = {isa = PBXFileReference; lastKnownFileType = sourcecode.swift; path = Player.swift; sourceTree = "<group>"; };
/* End PBXFileReference section */

/* Begin PBXFrameworksBuildPhase section */
		FAD1C28A2338C39C00456B59 /* Frameworks */ = {
			isa = PBXFrameworksBuildPhase;
			buildActionMask = 2147483647;
			files = (
			);
			runOnlyForDeploymentPostprocessing = 0;
		};
/* End PBXFrameworksBuildPhase section */

/* Begin PBXGroup section */
		FAD1C2842338C39C00456B59 = {
			isa = PBXGroup;
			children = (
				FAD1C28F2338C39D00456B59 /* projet_3 */,
				FAD1C28E2338C39D00456B59 /* Products */,
			);
			sourceTree = "<group>";
		};
		FAD1C28E2338C39D00456B59 /* Products */ = {
			isa = PBXGroup;
			children = (
				FAD1C28D2338C39D00456B59 /* projet_3 */,
			);
			name = Products;
			sourceTree = "<group>";
		};
		FAD1C28F2338C39D00456B59 /* projet_3 */ = {
			isa = PBXGroup;
			children = (
				FAD1C2902338C39D00456B59 /* main.swift */,
				FAD1C2972338C41600456B59 /* Character.swift */,
				FAD1C2992338C46600456B59 /* Weapon.swift */,
				FAD1C29B2338C8D300456B59 /* Sword.swift */,
				FAD1C29D2338CC5600456B59 /* Player.swift */,
				FA5B92242338D44A00159AFF /* gun.swift */,
				FA2009F4233CDA3D00A7CE16 /* Game.swift */,
				FA2009F6233CE3E000A7CE16 /* InputManager.swift */,
				FA28AF572347223600BDD1F6 /* Enumeration.swift */,
				FA8099BD234F06A300D27F19 /* Text.swift */,
			);
			path = projet_3;
			sourceTree = "<group>";
		};
/* End PBXGroup section */

/* Begin PBXNativeTarget section */
		FAD1C28C2338C39C00456B59 /* projet_3 */ = {
			isa = PBXNativeTarget;
			buildConfigurationList = FAD1C2942338C39D00456B59 /* Build configuration list for PBXNativeTarget "projet_3" */;
			buildPhases = (
				FAD1C2892338C39C00456B59 /* Sources */,
				FAD1C28A2338C39C00456B59 /* Frameworks */,
				FAD1C28B2338C39C00456B59 /* CopyFiles */,
			);
			buildRules = (
			);
			dependencies = (
			);
			name = projet_3;
			productName = projet_3;
			productReference = FAD1C28D2338C39D00456B59 /* projet_3 */;
			productType = "com.apple.product-type.tool";
		};
/* End PBXNativeTarget section */

/* Begin PBXProject section */
		FAD1C2852338C39C00456B59 /* Project object */ = {
			isa = PBXProject;
			attributes = {
				LastSwiftUpdateCheck = 1100;
				LastUpgradeCheck = 1100;
				ORGANIZATIONNAME = "Alexandre Goncalves";
				TargetAttributes = {
					FAD1C28C2338C39C00456B59 = {
						CreatedOnToolsVersion = 11.0;
					};
				};
			};
			buildConfigurationList = FAD1C2882338C39C00456B59 /* Build configuration list for PBXProject "projet_3" */;
			compatibilityVersion = "Xcode 9.3";
			developmentRegion = en;
			hasScannedForEncodings = 0;
			knownRegions = (
				en,
				Base,
			);
			mainGroup = FAD1C2842338C39C00456B59;
			productRefGroup = FAD1C28E2338C39D00456B59 /* Products */;
			projectDirPath = "";
			projectRoot = "";
			targets = (
				FAD1C28C2338C39C00456B59 /* projet_3 */,
			);
		};
/* End PBXProject section */

/* Begin PBXSourcesBuildPhase section */
		FAD1C2892338C39C00456B59 /* Sources */ = {
			isa = PBXSourcesBuildPhase;
			buildActionMask = 2147483647;
			files = (
				FA2009F7233CE3E000A7CE16 /* InputManager.swift in Sources */,
				FA5B92252338D44A00159AFF /* gun.swift in Sources */,
				FA28AF582347223600BDD1F6 /* Enumeration.swift in Sources */,
				FAD1C29A2338C46600456B59 /* Weapon.swift in Sources */,
				FA2009F5233CDA3D00A7CE16 /* Game.swift in Sources */,
				FAD1C29C2338C8D300456B59 /* Sword.swift in Sources */,
				FA8099BE234F06A300D27F19 /* Text.swift in Sources */,
				FAD1C2912338C39D00456B59 /* main.swift in Sources */,
				FAD1C29E2338CC5600456B59 /* Player.swift in Sources */,
				FAD1C2982338C41600456B59 /* Character.swift in Sources */,
			);
			runOnlyForDeploymentPostprocessing = 0;
		};
/* End PBXSourcesBuildPhase section */

/* Begin XCBuildConfiguration section */
		FAD1C2922338C39D00456B59 /* Debug */ = {
			isa = XCBuildConfiguration;
			buildSettings = {
				ALWAYS_SEARCH_USER_PATHS = NO;
				CLANG_ANALYZER_NONNULL = YES;
				CLANG_ANALYZER_NUMBER_OBJECT_CONVERSION = YES_AGGRESSIVE;
				CLANG_CXX_LANGUAGE_STANDARD = "gnu++14";
				CLANG_CXX_LIBRARY = "libc++";
				CLANG_ENABLE_MODULES = YES;
				CLANG_ENABLE_OBJC_ARC = YES;
				CLANG_ENABLE_OBJC_WEAK = YES;
				CLANG_WARN_BLOCK_CAPTURE_AUTORELEASING = YES;
				CLANG_WARN_BOOL_CONVERSION = YES;
				CLANG_WARN_COMMA = YES;
				CLANG_WARN_CONSTANT_CONVERSION = YES;
				CLANG_WARN_DEPRECATED_OBJC_IMPLEMENTATIONS = YES;
				CLANG_WARN_DIRECT_OBJC_ISA_USAGE = YES_ERROR;
				CLANG_WARN_DOCUMENTATION_COMMENTS = YES;
				CLANG_WARN_EMPTY_BODY = YES;
				CLANG_WARN_ENUM_CONVERSION = YES;
				CLANG_WARN_INFINITE_RECURSION = YES;
				CLANG_WARN_INT_CONVERSION = YES;
				CLANG_WARN_NON_LITERAL_NULL_CONVERSION = YES;
				CLANG_WARN_OBJC_IMPLICIT_RETAIN_SELF = YES;
				CLANG_WARN_OBJC_LITERAL_CONVERSION = YES;
				CLANG_WARN_OBJC_ROOT_CLASS = YES_ERROR;
				CLANG_WARN_RANGE_LOOP_ANALYSIS = YES;
				CLANG_WARN_STRICT_PROTOTYPES = YES;
				CLANG_WARN_SUSPICIOUS_MOVE = YES;
				CLANG_WARN_UNGUARDED_AVAILABILITY = YES_AGGRESSIVE;
				CLANG_WARN_UNREACHABLE_CODE = YES;
				CLANG_WARN__DUPLICATE_METHOD_MATCH = YES;
				COPY_PHASE_STRIP = NO;
				DEBUG_INFORMATION_FORMAT = dwarf;
				ENABLE_STRICT_OBJC_MSGSEND = YES;
				ENABLE_TESTABILITY = YES;
				GCC_C_LANGUAGE_STANDARD = gnu11;
				GCC_DYNAMIC_NO_PIC = NO;
				GCC_NO_COMMON_BLOCKS = YES;
				GCC_OPTIMIZATION_LEVEL = 0;
				GCC_PREPROCESSOR_DEFINITIONS = (
					"DEBUG=1",
					"$(inherited)",
				);
				GCC_WARN_64_TO_32_BIT_CONVERSION = YES;
				GCC_WARN_ABOUT_RETURN_TYPE = YES_ERROR;
				GCC_WARN_UNDECLARED_SELECTOR = YES;
				GCC_WARN_UNINITIALIZED_AUTOS = YES_AGGRESSIVE;
				GCC_WARN_UNUSED_FUNCTION = YES;
				GCC_WARN_UNUSED_VARIABLE = YES;
				MACOSX_DEPLOYMENT_TARGET = 10.14;
				MTL_ENABLE_DEBUG_INFO = INCLUDE_SOURCE;
				MTL_FAST_MATH = YES;
				ONLY_ACTIVE_ARCH = YES;
				SDKROOT = macosx;
				SWIFT_ACTIVE_COMPILATION_CONDITIONS = DEBUG;
				SWIFT_OPTIMIZATION_LEVEL = "-Onone";
			};
			name = Debug;
		};
		FAD1C2932338C39D00456B59 /* Release */ = {
			isa = XCBuildConfiguration;
			buildSettings = {
				ALWAYS_SEARCH_USER_PATHS = NO;
				CLANG_ANALYZER_NONNULL = YES;
				CLANG_ANALYZER_NUMBER_OBJECT_CONVERSION = YES_AGGRESSIVE;
				CLANG_CXX_LANGUAGE_STANDARD = "gnu++14";
				CLANG_CXX_LIBRARY = "libc++";
				CLANG_ENABLE_MODULES = YES;
				CLANG_ENABLE_OBJC_ARC = YES;
				CLANG_ENABLE_OBJC_WEAK = YES;
				CLANG_WARN_BLOCK_CAPTURE_AUTORELEASING = YES;
				CLANG_WARN_BOOL_CONVERSION = YES;
				CLANG_WARN_COMMA = YES;
				CLANG_WARN_CONSTANT_CONVERSION = YES;
				CLANG_WARN_DEPRECATED_OBJC_IMPLEMENTATIONS = YES;
				CLANG_WARN_DIRECT_OBJC_ISA_USAGE = YES_ERROR;
				CLANG_WARN_DOCUMENTATION_COMMENTS = YES;
				CLANG_WARN_EMPTY_BODY = YES;
				CLANG_WARN_ENUM_CONVERSION = YES;
				CLANG_WARN_INFINITE_RECURSION = YES;
				CLANG_WARN_INT_CONVERSION = YES;
				CLANG_WARN_NON_LITERAL_NULL_CONVERSION = YES;
				CLANG_WARN_OBJC_IMPLICIT_RETAIN_SELF = YES;
				CLANG_WARN_OBJC_LITERAL_CONVERSION = YES;
				CLANG_WARN_OBJC_ROOT_CLASS = YES_ERROR;
				CLANG_WARN_RANGE_LOOP_ANALYSIS = YES;
				CLANG_WARN_STRICT_PROTOTYPES = YES;
				CLANG_WARN_SUSPICIOUS_MOVE = YES;
				CLANG_WARN_UNGUARDED_AVAILABILITY = YES_AGGRESSIVE;
				CLANG_WARN_UNREACHABLE_CODE = YES;
				CLANG_WARN__DUPLICATE_METHOD_MATCH = YES;
				COPY_PHASE_STRIP = NO;
				DEBUG_INFORMATION_FORMAT = "dwarf-with-dsym";
				ENABLE_NS_ASSERTIONS = NO;
				ENABLE_STRICT_OBJC_MSGSEND = YES;
				GCC_C_LANGUAGE_STANDARD = gnu11;
				GCC_NO_COMMON_BLOCKS = YES;
				GCC_WARN_64_TO_32_BIT_CONVERSION = YES;
				GCC_WARN_ABOUT_RETURN_TYPE = YES_ERROR;
				GCC_WARN_UNDECLARED_SELECTOR = YES;
				GCC_WARN_UNINITIALIZED_AUTOS = YES_AGGRESSIVE;
				GCC_WARN_UNUSED_FUNCTION = YES;
				GCC_WARN_UNUSED_VARIABLE = YES;
				MACOSX_DEPLOYMENT_TARGET = 10.14;
				MTL_ENABLE_DEBUG_INFO = NO;
				MTL_FAST_MATH = YES;
				SDKROOT = macosx;
				SWIFT_COMPILATION_MODE = wholemodule;
				SWIFT_OPTIMIZATION_LEVEL = "-O";
			};
			name = Release;
		};
		FAD1C2952338C39D00456B59 /* Debug */ = {
			isa = XCBuildConfiguration;
			buildSettings = {
				CODE_SIGN_STYLE = Automatic;
				DEVELOPMENT_TEAM = ZA4KZTM88P;
				ENABLE_HARDENED_RUNTIME = YES;
				PRODUCT_NAME = "$(TARGET_NAME)";
				SWIFT_VERSION = 5.0;
			};
			name = Debug;
		};
		FAD1C2962338C39D00456B59 /* Release */ = {
			isa = XCBuildConfiguration;
			buildSettings = {
				CODE_SIGN_STYLE = Automatic;
				DEVELOPMENT_TEAM = ZA4KZTM88P;
				ENABLE_HARDENED_RUNTIME = YES;
				PRODUCT_NAME = "$(TARGET_NAME)";
				SWIFT_VERSION = 5.0;
			};
			name = Release;
		};
/* End XCBuildConfiguration section */

/* Begin XCConfigurationList section */
		FAD1C2882338C39C00456B59 /* Build configuration list for PBXProject "projet_3" */ = {
			isa = XCConfigurationList;
			buildConfigurations = (
				FAD1C2922338C39D00456B59 /* Debug */,
				FAD1C2932338C39D00456B59 /* Release */,
			);
			defaultConfigurationIsVisible = 0;
			defaultConfigurationName = Release;
		};
		FAD1C2942338C39D00456B59 /* Build configuration list for PBXNativeTarget "projet_3" */ = {
			isa = XCConfigurationList;
			buildConfigurations = (
				FAD1C2952338C39D00456B59 /* Debug */,
				FAD1C2962338C39D00456B59 /* Release */,
			);
			defaultConfigurationIsVisible = 0;
			defaultConfigurationName = Release;
		};
/* End XCConfigurationList section */
	};
	rootObject = FAD1C2852338C39C00456B59 /* Project object */;
}
